
Microsoft Visual Studio Solution File, Format Version 12.00
# Visual Studio Version 17
VisualStudioVersion = 17.3.32811.315
MinimumVisualStudioVersion = 10.0.40219.1
Project("{FAE04EC0-301F-11D3-BF4B-00C04F79EFBC}") = "Lab8", "Lab8\Lab8.csproj", "{5FD64E19-43C6-4672-AD82-CEE42E4FBAD1}"
EndProject
Global
	GlobalSection(SolutionConfigurationPlatforms) = preSolution
		Debug|Any CPU = Debug|Any CPU
		Release|Any CPU = Release|Any CPU
	EndGlobalSection
	GlobalSection(ProjectConfigurationPlatforms) = postSolution
		{5FD64E19-43C6-4672-AD82-CEE42E4FBAD1}.Debug|Any CPU.ActiveCfg = Debug|Any CPU
		{5FD64E19-43C6-4672-AD82-CEE42E4FBAD1}.Debug|Any CPU.Build.0 = Debug|Any CPU
		{5FD64E19-43C6-4672-AD82-CEE42E4FBAD1}.Release|Any CPU.ActiveCfg = Release|Any CPU
		{5FD64E19-43C6-4672-AD82-CEE42E4FBAD1}.Release|Any CPU.Build.0 = Release|Any CPU
	EndGlobalSection
	GlobalSection(SolutionProperties) = preSolution
		HideSolutionNode = FALSE
	EndGlobalSection
	GlobalSection(ExtensibilityGlobals) = postSolution
		SolutionGuid = {97EFE8A6-70AE-4D7B-8D5B-3BD12DCD70A6}
	EndGlobalSection
EndGlobal
